
Microsoft Visual Studio Solution File, Format Version 12.00
# Visual Studio Version 17
VisualStudioVersion = 17.1.32319.34
MinimumVisualStudioVersion = 10.0.40219.1
Project("{9A19103F-16F7-4668-BE54-9A1E7A4F7556}") = "BlobApp", "BlobApp\BlobApp.csproj", "{D10862DB-532A-44CD-B6D4-D88B606AB844}"
EndProject
Project("{9A19103F-16F7-4668-BE54-9A1E7A4F7556}") = "ManagedIdentity", "ManagedIdentity\ManagedIdentity.csproj", "{0B6701BB-087D-456C-8CE9-6AA4D8B92C7B}"
EndProject
Project("{9A19103F-16F7-4668-BE54-9A1E7A4F7556}") = "EncryptionKeys", "EncryptionKeys\EncryptionKeys.csproj", "{676787CD-61F8-4BC0-AE58-773EACEB1AED}"
EndProject
Project("{9A19103F-16F7-4668-BE54-9A1E7A4F7556}") = "ManagedIdentitiesWithoutUse", "ManagedIdentitiesWithoutUse\ManagedIdentitiesWithoutUse.csproj", "{015B5732-072C-49B8-9690-FA170BDE2506}"
EndProject
Project("{FAE04EC0-301F-11D3-BF4B-00C04F79EFBC}") = "ManagedIdentityWithoutUse", "ManagedIdentityWithoutUse\ManagedIdentityWithoutUse.csproj", "{87C7803E-955F-49BF-AC64-1C346B6507F3}"
EndProject
Global
	GlobalSection(SolutionConfigurationPlatforms) = preSolution
		Debug|Any CPU = Debug|Any CPU
		Release|Any CPU = Release|Any CPU
	EndGlobalSection
	GlobalSection(ProjectConfigurationPlatforms) = postSolution
		{D10862DB-532A-44CD-B6D4-D88B606AB844}.Debug|Any CPU.ActiveCfg = Debug|Any CPU
		{D10862DB-532A-44CD-B6D4-D88B606AB844}.Debug|Any CPU.Build.0 = Debug|Any CPU
		{D10862DB-532A-44CD-B6D4-D88B606AB844}.Release|Any CPU.ActiveCfg = Release|Any CPU
		{D10862DB-532A-44CD-B6D4-D88B606AB844}.Release|Any CPU.Build.0 = Release|Any CPU
		{0B6701BB-087D-456C-8CE9-6AA4D8B92C7B}.Debug|Any CPU.ActiveCfg = Debug|Any CPU
		{0B6701BB-087D-456C-8CE9-6AA4D8B92C7B}.Debug|Any CPU.Build.0 = Debug|Any CPU
		{0B6701BB-087D-456C-8CE9-6AA4D8B92C7B}.Release|Any CPU.ActiveCfg = Release|Any CPU
		{0B6701BB-087D-456C-8CE9-6AA4D8B92C7B}.Release|Any CPU.Build.0 = Release|Any CPU
		{676787CD-61F8-4BC0-AE58-773EACEB1AED}.Debug|Any CPU.ActiveCfg = Debug|Any CPU
		{676787CD-61F8-4BC0-AE58-773EACEB1AED}.Debug|Any CPU.Build.0 = Debug|Any CPU
		{676787CD-61F8-4BC0-AE58-773EACEB1AED}.Release|Any CPU.ActiveCfg = Release|Any CPU
		{676787CD-61F8-4BC0-AE58-773EACEB1AED}.Release|Any CPU.Build.0 = Release|Any CPU
		{015B5732-072C-49B8-9690-FA170BDE2506}.Debug|Any CPU.ActiveCfg = Debug|Any CPU
		{015B5732-072C-49B8-9690-FA170BDE2506}.Debug|Any CPU.Build.0 = Debug|Any CPU
		{015B5732-072C-49B8-9690-FA170BDE2506}.Release|Any CPU.ActiveCfg = Release|Any CPU
		{015B5732-072C-49B8-9690-FA170BDE2506}.Release|Any CPU.Build.0 = Release|Any CPU
		{87C7803E-955F-49BF-AC64-1C346B6507F3}.Debug|Any CPU.ActiveCfg = Debug|Any CPU
		{87C7803E-955F-49BF-AC64-1C346B6507F3}.Debug|Any CPU.Build.0 = Debug|Any CPU
		{87C7803E-955F-49BF-AC64-1C346B6507F3}.Release|Any CPU.ActiveCfg = Release|Any CPU
		{87C7803E-955F-49BF-AC64-1C346B6507F3}.Release|Any CPU.Build.0 = Release|Any CPU
	EndGlobalSection
	GlobalSection(SolutionProperties) = preSolution
		HideSolutionNode = FALSE
	EndGlobalSection
	GlobalSection(ExtensibilityGlobals) = postSolution
		SolutionGuid = {B12A5AD2-862F-42A0-BB0E-DD09315499B9}
	EndGlobalSection
EndGlobal
